// !$*UTF8*$!
{
	archiveVersion = 1;
	classes = {
	};
	objectVersion = 55;
	objects = {

/* Begin PBXBuildFile section */
		221D6D42283B453F005C8F5B /* AppDelegate.swift in Sources */ = {isa = PBXBuildFile; fileRef = 221D6D41283B453F005C8F5B /* AppDelegate.swift */; };
		221D6D44283B453F005C8F5B /* SceneDelegate.swift in Sources */ = {isa = PBXBuildFile; fileRef = 221D6D43283B453F005C8F5B /* SceneDelegate.swift */; };
		221D6D46283B453F005C8F5B /* ViewController.swift in Sources */ = {isa = PBXBuildFile; fileRef = 221D6D45283B453F005C8F5B /* ViewController.swift */; };
		221D6D49283B453F005C8F5B /* Main.storyboard in Resources */ = {isa = PBXBuildFile; fileRef = 221D6D47283B453F005C8F5B /* Main.storyboard */; };
		221D6D4B283B4540005C8F5B /* Assets.xcassets in Resources */ = {isa = PBXBuildFile; fileRef = 221D6D4A283B4540005C8F5B /* Assets.xcassets */; };
		221D6D4E283B4540005C8F5B /* LaunchScreen.storyboard in Resources */ = {isa = PBXBuildFile; fileRef = 221D6D4C283B4540005C8F5B /* LaunchScreen.storyboard */; };
		221D6D5A283B7850005C8F5B /* Common.swift in Sources */ = {isa = PBXBuildFile; fileRef = 221D6D59283B7850005C8F5B /* Common.swift */; };
		2220611828509A4300CE50C6 /* NewsViewController.swift in Sources */ = {isa = PBXBuildFile; fileRef = 2220611728509A4300CE50C6 /* NewsViewController.swift */; };
		2220611B2851925C00CE50C6 /* UIImageView+Extension.swift in Sources */ = {isa = PBXBuildFile; fileRef = 2220611A2851925C00CE50C6 /* UIImageView+Extension.swift */; };
		226A3E15284F3EF1001CDB82 /* Article.swift in Sources */ = {isa = PBXBuildFile; fileRef = 226A3E14284F3EF1001CDB82 /* Article.swift */; };
		226A3E17284F432C001CDB82 /* ArticleService.swift in Sources */ = {isa = PBXBuildFile; fileRef = 226A3E16284F432C001CDB82 /* ArticleService.swift */; };
		226A3E1B284F487A001CDB82 /* NewsViewModel.swift in Sources */ = {isa = PBXBuildFile; fileRef = 226A3E1A284F487A001CDB82 /* NewsViewModel.swift */; };
		226A3E1D28507465001CDB82 /* ArticleViewModel.swift in Sources */ = {isa = PBXBuildFile; fileRef = 226A3E1C28507465001CDB82 /* ArticleViewModel.swift */; };
		226A3E2028507D65001CDB82 /* ArticleTableViewCell.swift in Sources */ = {isa = PBXBuildFile; fileRef = 226A3E1F28507D65001CDB82 /* ArticleTableViewCell.swift */; };
		FD2F5FFDA12B848A3A13ECCB /* Pods_MVVM_Test.framework in Frameworks */ = {isa = PBXBuildFile; fileRef = 93BDAC37828E5513D021CBF1 /* Pods_MVVM_Test.framework */; };
/* End PBXBuildFile section */

/* Begin PBXFileReference section */
		0BD7FA77614A800B89F8FE50 /* Pods-MVVM_Test.debug.xcconfig */ = {isa = PBXFileReference; includeInIndex = 1; lastKnownFileType = text.xcconfig; name = "Pods-MVVM_Test.debug.xcconfig"; path = "Target Support Files/Pods-MVVM_Test/Pods-MVVM_Test.debug.xcconfig"; sourceTree = "<group>"; };
		221D6D3E283B453F005C8F5B /* MVVM_Test.app */ = {isa = PBXFileReference; explicitFileType = wrapper.application; includeInIndex = 0; path = MVVM_Test.app; sourceTree = BUILT_PRODUCTS_DIR; };
		221D6D41283B453F005C8F5B /* AppDelegate.swift */ = {isa = PBXFileReference; lastKnownFileType = sourcecode.swift; path = AppDelegate.swift; sourceTree = "<group>"; };
		221D6D43283B453F005C8F5B /* SceneDelegate.swift */ = {isa = PBXFileReference; lastKnownFileType = sourcecode.swift; path = SceneDelegate.swift; sourceTree = "<group>"; };
		221D6D45283B453F005C8F5B /* ViewController.swift */ = {isa = PBXFileReference; lastKnownFileType = sourcecode.swift; path = ViewController.swift; sourceTree = "<group>"; };
		221D6D48283B453F005C8F5B /* Base */ = {isa = PBXFileReference; lastKnownFileType = file.storyboard; name = Base; path = Base.lproj/Main.storyboard; sourceTree = "<group>"; };
		221D6D4A283B4540005C8F5B /* Assets.xcassets */ = {isa = PBXFileReference; lastKnownFileType = folder.assetcatalog; path = Assets.xcassets; sourceTree = "<group>"; };
		221D6D4D283B4540005C8F5B /* Base */ = {isa = PBXFileReference; lastKnownFileType = file.storyboard; name = Base; path = Base.lproj/LaunchScreen.storyboard; sourceTree = "<group>"; };
		221D6D4F283B4540005C8F5B /* Info.plist */ = {isa = PBXFileReference; lastKnownFileType = text.plist.xml; path = Info.plist; sourceTree = "<group>"; };
		221D6D59283B7850005C8F5B /* Common.swift */ = {isa = PBXFileReference; lastKnownFileType = sourcecode.swift; path = Common.swift; sourceTree = "<group>"; };
		2220611728509A4300CE50C6 /* NewsViewController.swift */ = {isa = PBXFileReference; lastKnownFileType = sourcecode.swift; path = NewsViewController.swift; sourceTree = "<group>"; };
		2220611A2851925C00CE50C6 /* UIImageView+Extension.swift */ = {isa = PBXFileReference; lastKnownFileType = sourcecode.swift; path = "UIImageView+Extension.swift"; sourceTree = "<group>"; };
		226A3E14284F3EF1001CDB82 /* Article.swift */ = {isa = PBXFileReference; lastKnownFileType = sourcecode.swift; path = Article.swift; sourceTree = "<group>"; };
		226A3E16284F432C001CDB82 /* ArticleService.swift */ = {isa = PBXFileReference; lastKnownFileType = sourcecode.swift; path = ArticleService.swift; sourceTree = "<group>"; };
		226A3E1A284F487A001CDB82 /* NewsViewModel.swift */ = {isa = PBXFileReference; lastKnownFileType = sourcecode.swift; path = NewsViewModel.swift; sourceTree = "<group>"; };
		226A3E1C28507465001CDB82 /* ArticleViewModel.swift */ = {isa = PBXFileReference; lastKnownFileType = sourcecode.swift; path = ArticleViewModel.swift; sourceTree = "<group>"; };
		226A3E1F28507D65001CDB82 /* ArticleTableViewCell.swift */ = {isa = PBXFileReference; lastKnownFileType = sourcecode.swift; path = ArticleTableViewCell.swift; sourceTree = "<group>"; };
		93BDAC37828E5513D021CBF1 /* Pods_MVVM_Test.framework */ = {isa = PBXFileReference; explicitFileType = wrapper.framework; includeInIndex = 0; path = Pods_MVVM_Test.framework; sourceTree = BUILT_PRODUCTS_DIR; };
		A3525AA32DA65E93E94E4003 /* Pods-MVVM_Test.release.xcconfig */ = {isa = PBXFileReference; includeInIndex = 1; lastKnownFileType = text.xcconfig; name = "Pods-MVVM_Test.release.xcconfig"; path = "Target Support Files/Pods-MVVM_Test/Pods-MVVM_Test.release.xcconfig"; sourceTree = "<group>"; };
/* End PBXFileReference section */

/* Begin PBXFrameworksBuildPhase section */
		221D6D3B283B453F005C8F5B /* Frameworks */ = {
			isa = PBXFrameworksBuildPhase;
			buildActionMask = 2147483647;
			files = (
				FD2F5FFDA12B848A3A13ECCB /* Pods_MVVM_Test.framework in Frameworks */,
			);
			runOnlyForDeploymentPostprocessing = 0;
		};
/* End PBXFrameworksBuildPhase section */

/* Begin PBXGroup section */
		221D6D35283B453F005C8F5B = {
			isa = PBXGroup;
			children = (
				221D6D40283B453F005C8F5B /* MVVM_Test */,
				221D6D3F283B453F005C8F5B /* Products */,
				D4E9CA9F093DC7F56B72C2CA /* Pods */,
				ED2662DA67FA0C3D46A4A51C /* Frameworks */,
			);
			sourceTree = "<group>";
		};
		221D6D3F283B453F005C8F5B /* Products */ = {
			isa = PBXGroup;
			children = (
				221D6D3E283B453F005C8F5B /* MVVM_Test.app */,
			);
			name = Products;
			sourceTree = "<group>";
		};
		221D6D40283B453F005C8F5B /* MVVM_Test */ = {
			isa = PBXGroup;
			children = (
				222061192851923E00CE50C6 /* Extension */,
				2296352B2849A4D200B251C7 /* Service */,
				221D6D55283B4624005C8F5B /* Common */,
				221D6D58283B4652005C8F5B /* Model */,
				221D6D57283B4643005C8F5B /* View */,
				221D6D56283B4634005C8F5B /* ViewModel */,
				226A3E1E28507D28001CDB82 /* Contoller */,
				221D6D41283B453F005C8F5B /* AppDelegate.swift */,
				221D6D43283B453F005C8F5B /* SceneDelegate.swift */,
				221D6D47283B453F005C8F5B /* Main.storyboard */,
				221D6D4A283B4540005C8F5B /* Assets.xcassets */,
				221D6D4C283B4540005C8F5B /* LaunchScreen.storyboard */,
				221D6D4F283B4540005C8F5B /* Info.plist */,
			);
			path = MVVM_Test;
			sourceTree = "<group>";
		};
		221D6D55283B4624005C8F5B /* Common */ = {
			isa = PBXGroup;
			children = (
				221D6D59283B7850005C8F5B /* Common.swift */,
			);
			path = Common;
			sourceTree = "<group>";
		};
		221D6D56283B4634005C8F5B /* ViewModel */ = {
			isa = PBXGroup;
			children = (
				226A3E1A284F487A001CDB82 /* NewsViewModel.swift */,
				226A3E1C28507465001CDB82 /* ArticleViewModel.swift */,
			);
			path = ViewModel;
			sourceTree = "<group>";
		};
		221D6D57283B4643005C8F5B /* View */ = {
			isa = PBXGroup;
			children = (
				226A3E1F28507D65001CDB82 /* ArticleTableViewCell.swift */,
			);
			path = View;
			sourceTree = "<group>";
		};
		221D6D58283B4652005C8F5B /* Model */ = {
			isa = PBXGroup;
			children = (
				226A3E14284F3EF1001CDB82 /* Article.swift */,
			);
			path = Model;
			sourceTree = "<group>";
		};
		222061192851923E00CE50C6 /* Extension */ = {
			isa = PBXGroup;
			children = (
				2220611A2851925C00CE50C6 /* UIImageView+Extension.swift */,
			);
			path = Extension;
			sourceTree = "<group>";
		};
		226A3E1E28507D28001CDB82 /* Contoller */ = {
			isa = PBXGroup;
			children = (
				221D6D45283B453F005C8F5B /* ViewController.swift */,
				2220611728509A4300CE50C6 /* NewsViewController.swift */,
			);
			path = Contoller;
			sourceTree = "<group>";
		};
		2296352B2849A4D200B251C7 /* Service */ = {
			isa = PBXGroup;
			children = (
				226A3E16284F432C001CDB82 /* ArticleService.swift */,
			);
			path = Service;
			sourceTree = "<group>";
		};
		D4E9CA9F093DC7F56B72C2CA /* Pods */ = {
			isa = PBXGroup;
			children = (
				0BD7FA77614A800B89F8FE50 /* Pods-MVVM_Test.debug.xcconfig */,
				A3525AA32DA65E93E94E4003 /* Pods-MVVM_Test.release.xcconfig */,
			);
			path = Pods;
			sourceTree = "<group>";
		};
		ED2662DA67FA0C3D46A4A51C /* Frameworks */ = {
			isa = PBXGroup;
			children = (
				93BDAC37828E5513D021CBF1 /* Pods_MVVM_Test.framework */,
			);
			name = Frameworks;
			sourceTree = "<group>";
		};
/* End PBXGroup section */

/* Begin PBXNativeTarget section */
		221D6D3D283B453F005C8F5B /* MVVM_Test */ = {
			isa = PBXNativeTarget;
			buildConfigurationList = 221D6D52283B4540005C8F5B /* Build configuration list for PBXNativeTarget "MVVM_Test" */;
			buildPhases = (
				C2F248E9854AEF60144F9619 /* [CP] Check Pods Manifest.lock */,
				221D6D3A283B453F005C8F5B /* Sources */,
				221D6D3B283B453F005C8F5B /* Frameworks */,
				221D6D3C283B453F005C8F5B /* Resources */,
				6CAE76BA9C7FD59A6E5C3C8B /* [CP] Embed Pods Frameworks */,
			);
			buildRules = (
			);
			dependencies = (
			);
			name = MVVM_Test;
			productName = MVVM_Test;
			productReference = 221D6D3E283B453F005C8F5B /* MVVM_Test.app */;
			productType = "com.apple.product-type.application";
		};
/* End PBXNativeTarget section */

/* Begin PBXProject section */
		221D6D36283B453F005C8F5B /* Project object */ = {
			isa = PBXProject;
			attributes = {
				BuildIndependentTargetsInParallel = 1;
				LastSwiftUpdateCheck = 1340;
				LastUpgradeCheck = 1340;
				TargetAttributes = {
					221D6D3D283B453F005C8F5B = {
						CreatedOnToolsVersion = 13.4;
					};
				};
			};
			buildConfigurationList = 221D6D39283B453F005C8F5B /* Build configuration list for PBXProject "MVVM_Test" */;
			compatibilityVersion = "Xcode 13.0";
			developmentRegion = en;
			hasScannedForEncodings = 0;
			knownRegions = (
				en,
				Base,
			);
			mainGroup = 221D6D35283B453F005C8F5B;
			productRefGroup = 221D6D3F283B453F005C8F5B /* Products */;
			projectDirPath = "";
			projectRoot = "";
			targets = (
				221D6D3D283B453F005C8F5B /* MVVM_Test */,
			);
		};
/* End PBXProject section */

/* Begin PBXResourcesBuildPhase section */
		221D6D3C283B453F005C8F5B /* Resources */ = {
			isa = PBXResourcesBuildPhase;
			buildActionMask = 2147483647;
			files = (
				221D6D4E283B4540005C8F5B /* LaunchScreen.storyboard in Resources */,
				221D6D4B283B4540005C8F5B /* Assets.xcassets in Resources */,
				221D6D49283B453F005C8F5B /* Main.storyboard in Resources */,
			);
			runOnlyForDeploymentPostprocessing = 0;
		};
/* End PBXResourcesBuildPhase section */

/* Begin PBXShellScriptBuildPhase section */
		6CAE76BA9C7FD59A6E5C3C8B /* [CP] Embed Pods Frameworks */ = {
			isa = PBXShellScriptBuildPhase;
			buildActionMask = 2147483647;
			files = (
			);
			inputFileListPaths = (
				"${PODS_ROOT}/Target Support Files/Pods-MVVM_Test/Pods-MVVM_Test-frameworks-${CONFIGURATION}-input-files.xcfilelist",
			);
			name = "[CP] Embed Pods Frameworks";
			outputFileListPaths = (
				"${PODS_ROOT}/Target Support Files/Pods-MVVM_Test/Pods-MVVM_Test-frameworks-${CONFIGURATION}-output-files.xcfilelist",
			);
			runOnlyForDeploymentPostprocessing = 0;
			shellPath = /bin/sh;
			shellScript = "\"${PODS_ROOT}/Target Support Files/Pods-MVVM_Test/Pods-MVVM_Test-frameworks.sh\"\n";
			showEnvVarsInLog = 0;
		};
		C2F248E9854AEF60144F9619 /* [CP] Check Pods Manifest.lock */ = {
			isa = PBXShellScriptBuildPhase;
			buildActionMask = 2147483647;
			files = (
			);
			inputFileListPaths = (
			);
			inputPaths = (
				"${PODS_PODFILE_DIR_PATH}/Podfile.lock",
				"${PODS_ROOT}/Manifest.lock",
			);
			name = "[CP] Check Pods Manifest.lock";
			outputFileListPaths = (
			);
			outputPaths = (
				"$(DERIVED_FILE_DIR)/Pods-MVVM_Test-checkManifestLockResult.txt",
			);
			runOnlyForDeploymentPostprocessing = 0;
			shellPath = /bin/sh;
			shellScript = "diff \"${PODS_PODFILE_DIR_PATH}/Podfile.lock\" \"${PODS_ROOT}/Manifest.lock\" > /dev/null\nif [ $? != 0 ] ; then\n    # print error to STDERR\n    echo \"error: The sandbox is not in sync with the Podfile.lock. Run 'pod install' or update your CocoaPods installation.\" >&2\n    exit 1\nfi\n# This output is used by Xcode 'outputs' to avoid re-running this script phase.\necho \"SUCCESS\" > \"${SCRIPT_OUTPUT_FILE_0}\"\n";
			showEnvVarsInLog = 0;
		};
/* End PBXShellScriptBuildPhase section */

/* Begin PBXSourcesBuildPhase section */
		221D6D3A283B453F005C8F5B /* Sources */ = {
			isa = PBXSourcesBuildPhase;
			buildActionMask = 2147483647;
			files = (
				226A3E2028507D65001CDB82 /* ArticleTableViewCell.swift in Sources */,
				221D6D5A283B7850005C8F5B /* Common.swift in Sources */,
				226A3E15284F3EF1001CDB82 /* Article.swift in Sources */,
				226A3E17284F432C001CDB82 /* ArticleService.swift in Sources */,
				2220611828509A4300CE50C6 /* NewsViewController.swift in Sources */,
				221D6D46283B453F005C8F5B /* ViewController.swift in Sources */,
				221D6D42283B453F005C8F5B /* AppDelegate.swift in Sources */,
				2220611B2851925C00CE50C6 /* UIImageView+Extension.swift in Sources */,
				226A3E1B284F487A001CDB82 /* NewsViewModel.swift in Sources */,
				226A3E1D28507465001CDB82 /* ArticleViewModel.swift in Sources */,
				221D6D44283B453F005C8F5B /* SceneDelegate.swift in Sources */,
			);
			runOnlyForDeploymentPostprocessing = 0;
		};
/* End PBXSourcesBuildPhase section */

/* Begin PBXVariantGroup section */
		221D6D47283B453F005C8F5B /* Main.storyboard */ = {
			isa = PBXVariantGroup;
			children = (
				221D6D48283B453F005C8F5B /* Base */,
			);
			name = Main.storyboard;
			sourceTree = "<group>";
		};
		221D6D4C283B4540005C8F5B /* LaunchScreen.storyboard */ = {
			isa = PBXVariantGroup;
			children = (
				221D6D4D283B4540005C8F5B /* Base */,
			);
			name = LaunchScreen.storyboard;
			sourceTree = "<group>";
		};
/* End PBXVariantGroup section */

/* Begin XCBuildConfiguration section */
		221D6D50283B4540005C8F5B /* Debug */ = {
			isa = XCBuildConfiguration;
			buildSettings = {
				ALWAYS_SEARCH_USER_PATHS = NO;
				CLANG_ANALYZER_NONNULL = YES;
				CLANG_ANALYZER_NUMBER_OBJECT_CONVERSION = YES_AGGRESSIVE;
				CLANG_CXX_LANGUAGE_STANDARD = "gnu++17";
				CLANG_ENABLE_MODULES = YES;
				CLANG_ENABLE_OBJC_ARC = YES;
				CLANG_ENABLE_OBJC_WEAK = YES;
				CLANG_WARN_BLOCK_CAPTURE_AUTORELEASING = YES;
				CLANG_WARN_BOOL_CONVERSION = YES;
				CLANG_WARN_COMMA = YES;
				CLANG_WARN_CONSTANT_CONVERSION = YES;
				CLANG_WARN_DEPRECATED_OBJC_IMPLEMENTATIONS = YES;
				CLANG_WARN_DIRECT_OBJC_ISA_USAGE = YES_ERROR;
				CLANG_WARN_DOCUMENTATION_COMMENTS = YES;
				CLANG_WARN_EMPTY_BODY = YES;
				CLANG_WARN_ENUM_CONVERSION = YES;
				CLANG_WARN_INFINITE_RECURSION = YES;
				CLANG_WARN_INT_CONVERSION = YES;
				CLANG_WARN_NON_LITERAL_NULL_CONVERSION = YES;
				CLANG_WARN_OBJC_IMPLICIT_RETAIN_SELF = YES;
				CLANG_WARN_OBJC_LITERAL_CONVERSION = YES;
				CLANG_WARN_OBJC_ROOT_CLASS = YES_ERROR;
				CLANG_WARN_QUOTED_INCLUDE_IN_FRAMEWORK_HEADER = YES;
				CLANG_WARN_RANGE_LOOP_ANALYSIS = YES;
				CLANG_WARN_STRICT_PROTOTYPES = YES;
				CLANG_WARN_SUSPICIOUS_MOVE = YES;
				CLANG_WARN_UNGUARDED_AVAILABILITY = YES_AGGRESSIVE;
				CLANG_WARN_UNREACHABLE_CODE = YES;
				CLANG_WARN__DUPLICATE_METHOD_MATCH = YES;
				COPY_PHASE_STRIP = NO;
				DEBUG_INFORMATION_FORMAT = dwarf;
				ENABLE_STRICT_OBJC_MSGSEND = YES;
				ENABLE_TESTABILITY = YES;
				GCC_C_LANGUAGE_STANDARD = gnu11;
				GCC_DYNAMIC_NO_PIC = NO;
				GCC_NO_COMMON_BLOCKS = YES;
				GCC_OPTIMIZATION_LEVEL = 0;
				GCC_PREPROCESSOR_DEFINITIONS = (
					"DEBUG=1",
					"$(inherited)",
				);
				GCC_WARN_64_TO_32_BIT_CONVERSION = YES;
				GCC_WARN_ABOUT_RETURN_TYPE = YES_ERROR;
				GCC_WARN_UNDECLARED_SELECTOR = YES;
				GCC_WARN_UNINITIALIZED_AUTOS = YES_AGGRESSIVE;
				GCC_WARN_UNUSED_FUNCTION = YES;
				GCC_WARN_UNUSED_VARIABLE = YES;
				IPHONEOS_DEPLOYMENT_TARGET = 15.5;
				MTL_ENABLE_DEBUG_INFO = INCLUDE_SOURCE;
				MTL_FAST_MATH = YES;
				ONLY_ACTIVE_ARCH = YES;
				SDKROOT = iphoneos;
				SWIFT_ACTIVE_COMPILATION_CONDITIONS = DEBUG;
				SWIFT_OPTIMIZATION_LEVEL = "-Onone";
			};
			name = Debug;
		};
		221D6D51283B4540005C8F5B /* Release */ = {
			isa = XCBuildConfiguration;
			buildSettings = {
				ALWAYS_SEARCH_USER_PATHS = NO;
				CLANG_ANALYZER_NONNULL = YES;
				CLANG_ANALYZER_NUMBER_OBJECT_CONVERSION = YES_AGGRESSIVE;
				CLANG_CXX_LANGUAGE_STANDARD = "gnu++17";
				CLANG_ENABLE_MODULES = YES;
				CLANG_ENABLE_OBJC_ARC = YES;
				CLANG_ENABLE_OBJC_WEAK = YES;
				CLANG_WARN_BLOCK_CAPTURE_AUTORELEASING = YES;
				CLANG_WARN_BOOL_CONVERSION = YES;
				CLANG_WARN_COMMA = YES;
				CLANG_WARN_CONSTANT_CONVERSION = YES;
				CLANG_WARN_DEPRECATED_OBJC_IMPLEMENTATIONS = YES;
				CLANG_WARN_DIRECT_OBJC_ISA_USAGE = YES_ERROR;
				CLANG_WARN_DOCUMENTATION_COMMENTS = YES;
				CLANG_WARN_EMPTY_BODY = YES;
				CLANG_WARN_ENUM_CONVERSION = YES;
				CLANG_WARN_INFINITE_RECURSION = YES;
				CLANG_WARN_INT_CONVERSION = YES;
				CLANG_WARN_NON_LITERAL_NULL_CONVERSION = YES;
				CLANG_WARN_OBJC_IMPLICIT_RETAIN_SELF = YES;
				CLANG_WARN_OBJC_LITERAL_CONVERSION = YES;
				CLANG_WARN_OBJC_ROOT_CLASS = YES_ERROR;
				CLANG_WARN_QUOTED_INCLUDE_IN_FRAMEWORK_HEADER = YES;
				CLANG_WARN_RANGE_LOOP_ANALYSIS = YES;
				CLANG_WARN_STRICT_PROTOTYPES = YES;
				CLANG_WARN_SUSPICIOUS_MOVE = YES;
				CLANG_WARN_UNGUARDED_AVAILABILITY = YES_AGGRESSIVE;
				CLANG_WARN_UNREACHABLE_CODE = YES;
				CLANG_WARN__DUPLICATE_METHOD_MATCH = YES;
				COPY_PHASE_STRIP = NO;
				DEBUG_INFORMATION_FORMAT = "dwarf-with-dsym";
				ENABLE_NS_ASSERTIONS = NO;
				ENABLE_STRICT_OBJC_MSGSEND = YES;
				GCC_C_LANGUAGE_STANDARD = gnu11;
				GCC_NO_COMMON_BLOCKS = YES;
				GCC_WARN_64_TO_32_BIT_CONVERSION = YES;
				GCC_WARN_ABOUT_RETURN_TYPE = YES_ERROR;
				GCC_WARN_UNDECLARED_SELECTOR = YES;
				GCC_WARN_UNINITIALIZED_AUTOS = YES_AGGRESSIVE;
				GCC_WARN_UNUSED_FUNCTION = YES;
				GCC_WARN_UNUSED_VARIABLE = YES;
				IPHONEOS_DEPLOYMENT_TARGET = 15.5;
				MTL_ENABLE_DEBUG_INFO = NO;
				MTL_FAST_MATH = YES;
				SDKROOT = iphoneos;
				SWIFT_COMPILATION_MODE = wholemodule;
				SWIFT_OPTIMIZATION_LEVEL = "-O";
				VALIDATE_PRODUCT = YES;
			};
			name = Release;
		};
		221D6D53283B4540005C8F5B /* Debug */ = {
			isa = XCBuildConfiguration;
			baseConfigurationReference = 0BD7FA77614A800B89F8FE50 /* Pods-MVVM_Test.debug.xcconfig */;
			buildSettings = {
				ASSETCATALOG_COMPILER_APPICON_NAME = AppIcon;
				ASSETCATALOG_COMPILER_GLOBAL_ACCENT_COLOR_NAME = AccentColor;
				CODE_SIGN_STYLE = Automatic;
				CURRENT_PROJECT_VERSION = 1;
				DEVELOPMENT_TEAM = W5SKPHFQ2L;
				GENERATE_INFOPLIST_FILE = YES;
				INFOPLIST_FILE = MVVM_Test/Info.plist;
				INFOPLIST_KEY_UIApplicationSupportsIndirectInputEvents = YES;
				INFOPLIST_KEY_UILaunchStoryboardName = LaunchScreen;
				INFOPLIST_KEY_UIMainStoryboardFile = Main;
				INFOPLIST_KEY_UISupportedInterfaceOrientations_iPad = "UIInterfaceOrientationPortrait UIInterfaceOrientationPortraitUpsideDown UIInterfaceOrientationLandscapeLeft UIInterfaceOrientationLandscapeRight";
				INFOPLIST_KEY_UISupportedInterfaceOrientations_iPhone = "UIInterfaceOrientationPortrait UIInterfaceOrientationLandscapeLeft UIInterfaceOrientationLandscapeRight";
				IPHONEOS_DEPLOYMENT_TARGET = 11.0;
				LD_RUNPATH_SEARCH_PATHS = (
					"$(inherited)",
					"@executable_path/Frameworks",
				);
				MARKETING_VERSION = 1.0;
				PRODUCT_BUNDLE_IDENTIFIER = "com.aiblab.MVVM-Test";
				PRODUCT_NAME = "$(TARGET_NAME)";
				SWIFT_EMIT_LOC_STRINGS = YES;
				SWIFT_VERSION = 5.0;
				TARGETED_DEVICE_FAMILY = "1,2";
			};
			name = Debug;
		};
		221D6D54283B4540005C8F5B /* Release */ = {
			isa = XCBuildConfiguration;
			baseConfigurationReference = A3525AA32DA65E93E94E4003 /* Pods-MVVM_Test.release.xcconfig */;
			buildSettings = {
				ASSETCATALOG_COMPILER_APPICON_NAME = AppIcon;
				ASSETCATALOG_COMPILER_GLOBAL_ACCENT_COLOR_NAME = AccentColor;
				CODE_SIGN_STYLE = Automatic;
				CURRENT_PROJECT_VERSION = 1;
				DEVELOPMENT_TEAM = W5SKPHFQ2L;
				GENERATE_INFOPLIST_FILE = YES;
				INFOPLIST_FILE = MVVM_Test/Info.plist;
				INFOPLIST_KEY_UIApplicationSupportsIndirectInputEvents = YES;
				INFOPLIST_KEY_UILaunchStoryboardName = LaunchScreen;
				INFOPLIST_KEY_UIMainStoryboardFile = Main;
				INFOPLIST_KEY_UISupportedInterfaceOrientations_iPad = "UIInterfaceOrientationPortrait UIInterfaceOrientationPortraitUpsideDown UIInterfaceOrientationLandscapeLeft UIInterfaceOrientationLandscapeRight";
				INFOPLIST_KEY_UISupportedInterfaceOrientations_iPhone = "UIInterfaceOrientationPortrait UIInterfaceOrientationLandscapeLeft UIInterfaceOrientationLandscapeRight";
				IPHONEOS_DEPLOYMENT_TARGET = 11.0;
				LD_RUNPATH_SEARCH_PATHS = (
					"$(inherited)",
					"@executable_path/Frameworks",
				);
				MARKETING_VERSION = 1.0;
				PRODUCT_BUNDLE_IDENTIFIER = "com.aiblab.MVVM-Test";
				PRODUCT_NAME = "$(TARGET_NAME)";
				SWIFT_EMIT_LOC_STRINGS = YES;
				SWIFT_VERSION = 5.0;
				TARGETED_DEVICE_FAMILY = "1,2";
			};
			name = Release;
		};
/* End XCBuildConfiguration section */

/* Begin XCConfigurationList section */
		221D6D39283B453F005C8F5B /* Build configuration list for PBXProject "MVVM_Test" */ = {
			isa = XCConfigurationList;
			buildConfigurations = (
				221D6D50283B4540005C8F5B /* Debug */,
				221D6D51283B4540005C8F5B /* Release */,
			);
			defaultConfigurationIsVisible = 0;
			defaultConfigurationName = Release;
		};
		221D6D52283B4540005C8F5B /* Build configuration list for PBXNativeTarget "MVVM_Test" */ = {
			isa = XCConfigurationList;
			buildConfigurations = (
				221D6D53283B4540005C8F5B /* Debug */,
				221D6D54283B4540005C8F5B /* Release */,
			);
			defaultConfigurationIsVisible = 0;
			defaultConfigurationName = Release;
		};
/* End XCConfigurationList section */
	};
	rootObject = 221D6D36283B453F005C8F5B /* Project object */;
}
